<?xml version="1.0" encoding="utf-8"?>
<Project ToolsVersion="4.0" xmlns="http://schemas.microsoft.com/developer/msbuild/2003">
  <ItemGroup>
    <Filter Include="Source Files">
      <UniqueIdentifier>{4FC737F1-C7A5-4376-A066-2A32D752A2FF}</UniqueIdentifier>
      <Extensions>cpp;c;cc;cxx;def;odl;idl;hpj;bat;asm;asmx</Extensions>
    </Filter>
    <Filter Include="Header Files">
      <UniqueIdentifier>{93995380-89BD-4b04-88EB-625FBE52EBFB}</UniqueIdentifier>
      <Extensions>h;hh;hpp;hxx;hm;inl;inc;ipp;xsd</Extensions>
    </Filter>
    <Filter Include="Resource Files">
      <UniqueIdentifier>{67DA6AB6-F800-4c08-8B7A-83BB121AAD01}</UniqueIdentifier>
      <Extensions>rc;ico;cur;bmp;dlg;rc2;rct;bin;rgs;gif;jpg;jpeg;jpe;resx;tiff;tif;png;wav;mfcribbon-ms</Extensions>
    </Filter>
    <Filter Include="Header Files\API">
      <UniqueIdentifier>{c84b7713-3b88-405d-9240-7d7f4ef5a26a}</UniqueIdentifier>
    </Filter>
    <Filter Include="Header Files\Detour">
      <UniqueIdentifier>{d20825cb-69e1-44ff-baff-826f2d69490e}</UniqueIdentifier>
    </Filter>
    <Filter Include="Header Files\Loader">
      <UniqueIdentifier>{ba891dc4-deec-4e8a-aeaa-357383e8343a}</UniqueIdentifier>
    </Filter>
    <Filter Include="Header Files\Utilities">
      <UniqueIdentifier>{4bd5b0a2-c857-4cf5-b913-bbdc2ab21bbc}</UniqueIdentifier>
    </Filter>
  </ItemGroup>
  <ItemGroup>
    <ClInclude Include="include\API\API.h">
      <Filter>Header Files\API</Filter>
    </ClInclude>
    <ClInclude Include="include\Detour\Detour_i.h">
      <Filter>Header Files\Detour</Filter>
    </ClInclude>
    <ClInclude Include="include\Detour\Detour.h">
      <Filter>Header Files\Detour</Filter>
    </ClInclude>
    <ClInclude Include="include\Loader\Loader.h">
      <Filter>Header Files\Loader</Filter>
    </ClInclude>
    <ClInclude Include="include\Utilities\Utilities.h">
      <Filter>Header Files\Utilities</Filter>
    </ClInclude>
    <ClInclude Include="include\detourbp.h">
      <Filter>Header Files</Filter>
    </ClInclude>
  </ItemGroup>
</Project>